
Microsoft Visual Studio Solution File, Format Version 12.00
# Visual Studio Version 17
VisualStudioVersion = 17.0.31903.59
MinimumVisualStudioVersion = 10.0.40219.1
Project("{2150E333-8FDC-42A3-9474-1A3956D46DE8}") = "Day 27", "Day 27", "{8990D067-DC90-4444-89D2-DF5D20A3F597}"
EndProject
Project("{FAE04EC0-301F-11D3-BF4B-00C04F79EFBC}") = "SQLite", "Day 27\SQLite\SQLite.csproj", "{42F80F2E-E76C-4ED5-98BB-6D124C9F819E}"
EndProject
Global
	GlobalSection(SolutionConfigurationPlatforms) = preSolution
		Debug|Any CPU = Debug|Any CPU
		Release|Any CPU = Release|Any CPU
	EndGlobalSection
	GlobalSection(SolutionProperties) = preSolution
		HideSolutionNode = FALSE
	EndGlobalSection
	GlobalSection(ProjectConfigurationPlatforms) = postSolution
		{42F80F2E-E76C-4ED5-98BB-6D124C9F819E}.Debug|Any CPU.ActiveCfg = Debug|Any CPU
		{42F80F2E-E76C-4ED5-98BB-6D124C9F819E}.Debug|Any CPU.Build.0 = Debug|Any CPU
		{42F80F2E-E76C-4ED5-98BB-6D124C9F819E}.Release|Any CPU.ActiveCfg = Release|Any CPU
		{42F80F2E-E76C-4ED5-98BB-6D124C9F819E}.Release|Any CPU.Build.0 = Release|Any CPU
	EndGlobalSection
	GlobalSection(NestedProjects) = preSolution
		{42F80F2E-E76C-4ED5-98BB-6D124C9F819E} = {8990D067-DC90-4444-89D2-DF5D20A3F597}
	EndGlobalSection
EndGlobal
